
Microsoft Visual Studio Solution File, Format Version 12.00
# Visual Studio 15
VisualStudioVersion = 15.0.28307.168
MinimumVisualStudioVersion = 10.0.40219.1
Project("{FAE04EC0-301F-11D3-BF4B-00C04F79EFBC}") = "1050838_Lu_Pet_12.11", "1050838_Lu_Pet_12.11\1050838_Lu_Pet_12.11.csproj", "{65A08F29-8CC5-4314-B591-650971EDF3BB}"
EndProject
Global
	GlobalSection(SolutionConfigurationPlatforms) = preSolution
		Debug|Any CPU = Debug|Any CPU
		Release|Any CPU = Release|Any CPU
	EndGlobalSection
	GlobalSection(ProjectConfigurationPlatforms) = postSolution
		{65A08F29-8CC5-4314-B591-650971EDF3BB}.Debug|Any CPU.ActiveCfg = Debug|Any CPU
		{65A08F29-8CC5-4314-B591-650971EDF3BB}.Debug|Any CPU.Build.0 = Debug|Any CPU
		{65A08F29-8CC5-4314-B591-650971EDF3BB}.Release|Any CPU.ActiveCfg = Release|Any CPU
		{65A08F29-8CC5-4314-B591-650971EDF3BB}.Release|Any CPU.Build.0 = Release|Any CPU
	EndGlobalSection
	GlobalSection(SolutionProperties) = preSolution
		HideSolutionNode = FALSE
	EndGlobalSection
	GlobalSection(ExtensibilityGlobals) = postSolution
		SolutionGuid = {81860C0D-DBCF-463E-8F4B-17E389355CAF}
	EndGlobalSection
EndGlobal
